version = 1
revision = 3
requires-python = ">=3.12"

[[package]]
name = "asgiref"
version = "3.11.1"
source = { registry = "https://pypi.org/simple" }
sdist = { url = "https://files.pythonhosted.org/packages/63/40/f03da1264ae8f7cfdbf9146542e5e7e8100a4c66ab48e791df9a03d3f6c0/asgiref-3.11.1.tar.gz", hash = "sha256:5f184dc43b7e763efe848065441eac62229c9f7b0475f41f80e207a114eda4ce", size = 38550, upload-time = "2026-02-03T13:30:14.33Z" }
wheels = [
    { url = "https://files.pythonhosted.org/packages/5c/0a/a72d10ed65068e115044937873362e6e32fab1b7dce0046aeb224682c989/asgiref-3.11.1-py3-none-any.whl", hash = "sha256:e8667a091e69529631969fd45dc268fa79b99c92c5fcdda727757e52146ec133", size = 24345, upload-time = "2026-02-03T13:30:13.039Z" },
]

[[package]]
name = "django"
version = "6.0.4"
source = { registry = "https://pypi.org/simple" }
dependencies = [
    { name = "asgiref" },
    { name = "sqlparse" },
    { name = "tzdata", marker = "sys_platform == 'win32'" },
]
sdist = { url = "https://files.pythonhosted.org/packages/60/b9/4155091ad1788b38563bd77a7258c0834e8c12a7f56f6975deaf54f8b61d/django-6.0.4.tar.gz", hash = "sha256:8cfa2572b3f2768b2e84983cf3c4811877a01edb64e817986ec5d60751c113ac", size = 10907407, upload-time = "2026-04-07T13:55:44.961Z" }
wheels = [
    { url = "https://files.pythonhosted.org/packages/e9/47/3d61d611609764aa71a37f7037b870e7bfb22937366974c4fd46cada7bab/django-6.0.4-py3-none-any.whl", hash = "sha256:14359c809fc16e8f81fd2b59d7d348e4d2d799da6840b10522b6edf7b8afc1da", size = 8368342, upload-time = "2026-04-07T13:55:37.999Z" },
]

[[package]]
name = "django-advanced-filters"
version = "2.0.0"
source = { registry = "https://pypi.org/simple" }
dependencies = [
    { name = "simplejson" },
]
sdist = { url = "https://files.pythonhosted.org/packages/eb/a5/47d761549782124270e97079c7920bec0ef6ae38e6ec47f612df3d87c7e8/django-advanced-filters-2.0.0.tar.gz", hash = "sha256:845c5e7121c9dd68ddcf850a2325e1b5f76f355c677215623bd8974a0359d783", size = 78685, upload-time = "2022-06-27T07:26:06.125Z" }
wheels = [
    { url = "https://files.pythonhosted.org/packages/b0/e2/6b90404c40837ef4875ba1807745f1d93c6bf4107647d29732f1892fe746/django_advanced_filters-2.0.0-py3-none-any.whl", hash = "sha256:60a4b224626e042a5ea657600efcdae8d214cf530fd2e6cc3e37d451d777f7a9", size = 71002, upload-time = "2022-06-27T07:25:59.47Z" },
]

[[package]]
name = "django-jazzmin"
version = "3.0.4"
source = { registry = "https://pypi.org/simple" }
dependencies = [
    { name = "django" },
]
sdist = { url = "https://files.pythonhosted.org/packages/e0/70/a652284cd612bcd45da3cc18715db391c6cdeafd1ec9af60f4a3a243c74e/django_jazzmin-3.0.4.tar.gz", hash = "sha256:e8aef8b75edd8792408a69407c22ece924ab7a3d5c9d6f84d7a4eb57e06e7a44", size = 2423027, upload-time = "2026-03-13T11:29:18.821Z" }
wheels = [
    { url = "https://files.pythonhosted.org/packages/d4/1c/42d37c90bec6f6763206b966252dabe019f0c0197a6aaebafa5b213b78f1/django_jazzmin-3.0.4-py3-none-any.whl", hash = "sha256:70935a17604cc530e99be68d3d2b8c576095e1dac4af50464c827d66646f40fa", size = 2495119, upload-time = "2026-03-13T11:29:20.447Z" },
]

[[package]]
name = "django-project-model"
version = "0.1.0"
source = { virtual = "." }
dependencies = [
    { name = "django" },
    { name = "django-advanced-filters" },
    { name = "django-jazzmin" },
    { name = "psycopg2-binary" },
    { name = "python-dotenv" },
]

[package.dev-dependencies]
dev = [
    { name = "ruff" },
]

[package.metadata]
requires-dist = [
    { name = "django", specifier = ">=6.0,<7.0" },
    { name = "django-advanced-filters", specifier = ">=2.0.0,<3.0.0" },
    { name = "django-jazzmin", specifier = ">=3.0.1,<4.0.0" },
    { name = "psycopg2-binary", specifier = ">=2.9.11,<3.0.0" },
    { name = "python-dotenv", specifier = ">=1.2.1,<2.0.0" },
]

[package.metadata.requires-dev]
dev = [{ name = "ruff", specifier = ">=0.15.12" }]

[[package]]
name = "psycopg2-binary"
version = "2.9.12"
source = { registry = "https://pypi.org/simple" }
sdist = { url = "https://files.pythonhosted.org/packages/2a/60/a3624f79acea344c16fbef3a94d28b89a8042ddfb8f3e4ca83f538671409/psycopg2_binary-2.9.12.tar.gz", hash = "sha256:5ac9444edc768c02a6b6a591f070b8aae28ff3a99be57560ac996001580f294c", size = 379686, upload-time = "2026-04-21T09:40:34.304Z" }
wheels = [
    { url = "https://files.pythonhosted.org/packages/e2/9f/ef4ef3c8e15083df90ca35265cfd1a081a2f0cc07bb229c6314c6af817f4/psycopg2_binary-2.9.12-cp312-cp312-macosx_10_13_x86_64.whl", hash = "sha256:5cdc05117180c5fa9c40eea8ea559ce64d73824c39d928b7da9fb5f6a9392433", size = 3712459, upload-time = "2026-04-20T23:34:30.549Z" },
    { url = "https://files.pythonhosted.org/packages/b5/01/3dd14e46ba48c1e1a6ec58ee599fa1b5efa00c246d5046cd903d0eeb1af1/psycopg2_binary-2.9.12-cp312-cp312-macosx_11_0_arm64.whl", hash = "sha256:d3227a3bc228c10d21011a99245edca923e4e8bf461857e869a507d9a41fe9f6", size = 3822936, upload-time = "2026-04-20T23:34:32.77Z" },
    { url = "https://files.pythonhosted.org/packages/a6/f7/0640e4901119d8a9f7a1784b927f494e2198e213ceb593753d1f2c8b1b30/psycopg2_binary-2.9.12-cp312-cp312-manylinux2014_ppc64le.manylinux_2_17_ppc64le.whl", hash = "sha256:995ce929eede89db6254b50827e2b7fd61e50d11f0b116b29fffe4a2e53c4580", size = 4578676, upload-time = "2026-04-20T23:34:35.18Z" },
    { url = "https://files.pythonhosted.org/packages/b0/55/44df3965b5f297c50cc0b1b594a31c67d6127a9d133045b8a66611b14dfb/psycopg2_binary-2.9.12-cp312-cp312-manylinux2014_x86_64.manylinux_2_17_x86_64.whl", hash = "sha256:9fe06d93e72f1c048e731a2e3e7854a5bfaa58fc736068df90b352cefe66f03f", size = 4274917, upload-time = "2026-04-20T23:34:37.982Z" },
    { url = "https://files.pythonhosted.org/packages/b0/4b/74535248b1eac0c9336862e8617c765ac94dac76f9e25d7c4a79588c8907/psycopg2_binary-2.9.12-cp312-cp312-manylinux_2_27_aarch64.manylinux_2_28_aarch64.whl", hash = "sha256:40e7b28b63aaf737cb3a1edc3a9bbc9a9f4ad3dcb7152e8c1130e4050eddcb7d", size = 5894843, upload-time = "2026-04-20T23:34:40.856Z" },
    { url = "https://files.pythonhosted.org/packages/f2/ba/f1bf8d2ae71868ad800b661099086ee52bc0f8d9f05be1acd8ebb06757cc/psycopg2_binary-2.9.12-cp312-cp312-manylinux_2_38_riscv64.manylinux_2_39_riscv64.whl", hash = "sha256:89d19a9f7899e8eb0656a2b3a08e0da04c720a06db6e0033eab5928aabe60fa9", size = 4110556, upload-time = "2026-04-20T23:34:44.016Z" },
    { url = "https://files.pythonhosted.org/packages/45/46/c15706c338403b7c420bcc0c2905aad116cc064545686d8bf85f1999ea00/psycopg2_binary-2.9.12-cp312-cp312-musllinux_1_2_aarch64.whl", hash = "sha256:612b965daee295ae2da8f8218ce1d274645dc76ef3f1abf6a0a94fd57eff876d", size = 3655714, upload-time = "2026-04-20T23:34:46.233Z" },
    { url = "https://files.pythonhosted.org/packages/b3/7c/a2d5dc09b64a4564db242a0fe418fde7d33f6f8259dd2c5b9d7def00fb5a/psycopg2_binary-2.9.12-cp312-cp312-musllinux_1_2_ppc64le.whl", hash = "sha256:b9a339b79d37c1b45f3235265f07cdeb0cb5ad7acd2ac7720a5920989c17c24e", size = 3301154, upload-time = "2026-04-20T23:34:49.528Z" },
    { url = "https://files.pythonhosted.org/packages/c0/e8/cc8c9a4ce71461f9ec548d38cadc41dc184b34c73e6455450775a9334ccd/psycopg2_binary-2.9.12-cp312-cp312-musllinux_1_2_riscv64.whl", hash = "sha256:3471336e1acfd9c7fe507b8bad5af9317b6a89294f9eb37bd9a030bb7bebcdc6", size = 3048882, upload-time = "2026-04-20T23:34:51.86Z" },
    { url = "https://files.pythonhosted.org/packages/19/6a/31e2296bc0787c5ab75d3d118e40b239db8151b5192b90b77c72bc9256e9/psycopg2_binary-2.9.12-cp312-cp312-musllinux_1_2_x86_64.whl", hash = "sha256:7af18183109e23502c8b2ae7f6926c0882766f35b5175a4cd737ad825e4d7a1b", size = 3351298, upload-time = "2026-04-20T23:34:54.124Z" },
    { url = "https://files.pythonhosted.org/packages/5f/a8/75f4e3e11203b590150abed2cf7794b9c9c9f7eceddae955191138b44dde/psycopg2_binary-2.9.12-cp312-cp312-win_amd64.whl", hash = "sha256:398fcd4db988c7d7d3713e2b8e18939776fd3fb447052daae4f24fa39daede4c", size = 2757230, upload-time = "2026-04-20T23:34:56.242Z" },
    { url = "https://files.pythonhosted.org/packages/91/bb/4608c96f970f6e0c56572e87027ef4404f709382a3503e9934526d7ba051/psycopg2_binary-2.9.12-cp313-cp313-macosx_10_13_x86_64.whl", hash = "sha256:7c729a73c7b1b84de3582f73cdd27d905121dc2c531f3d9a3c32a3011033b965", size = 3712419, upload-time = "2026-04-20T23:34:58.754Z" },
    { url = "https://files.pythonhosted.org/packages/5e/af/48f76af9d50d61cf390f8cd657b503168b089e2e9298e48465d029fcc713/psycopg2_binary-2.9.12-cp313-cp313-macosx_11_0_arm64.whl", hash = "sha256:4413d0caef93c5cf50b96863df4c2efe8c269bf2267df353225595e7e15e8df7", size = 3822990, upload-time = "2026-04-20T23:35:00.821Z" },
    { url = "https://files.pythonhosted.org/packages/7a/df/aba0f99397cd811d32e06fc0cc781f1f3ce98bc0e729cb423925085d781a/psycopg2_binary-2.9.12-cp313-cp313-manylinux2014_ppc64le.manylinux_2_17_ppc64le.whl", hash = "sha256:4dfcf8e45ebb0c663be34a3442f65e17311f3367089cd4e5e3a3e8e62c978777", size = 4578696, upload-time = "2026-04-20T23:35:03.409Z" },
    { url = "https://files.pythonhosted.org/packages/95/9c/eaa74021ac4e4d5c2f83d82fc6615a63f4fe6c94dc4e94c3990427053f67/psycopg2_binary-2.9.12-cp313-cp313-manylinux2014_x86_64.manylinux_2_17_x86_64.whl", hash = "sha256:c41321a14dd74aceb6a9a643b9253a334521babfa763fa873e33d89cfa122fb5", size = 4274982, upload-time = "2026-04-20T23:35:05.583Z" },
    { url = "https://files.pythonhosted.org/packages/35/ed/c25deff98bd26187ba48b3b250a3ffc3037c46c5b89362534a15d200e0db/psycopg2_binary-2.9.12-cp313-cp313-manylinux_2_27_aarch64.manylinux_2_28_aarch64.whl", hash = "sha256:83946ba43979ebfdc99a3cd0ee775c89f221df026984ba19d46133d8d75d3cd9", size = 5894867, upload-time = "2026-04-20T23:35:07.902Z" },
    { url = "https://files.pythonhosted.org/packages/9a/81/8d0e21ca77373c6c9589e5c4528f6e8f0c08c62cafc76fb0bddb7a2cee22/psycopg2_binary-2.9.12-cp313-cp313-manylinux_2_38_riscv64.manylinux_2_39_riscv64.whl", hash = "sha256:411e85815652d13560fbe731878daa5d92378c4995a22302071890ec3397d019", size = 4110578, upload-time = "2026-04-20T23:35:10.149Z" },
    { url = "https://files.pythonhosted.org/packages/00/fc/f481e2435bd8f742d0123309174aae4165160ad3ef17c1b99c3622c241d2/psycopg2_binary-2.9.12-cp313-cp313-musllinux_1_2_aarch64.whl", hash = "sha256:1c8ad4c08e00f7679559eaed7aff1edfffc60c086b976f93972f686384a95e2c", size = 3655816, upload-time = "2026-04-20T23:35:12.56Z" },
    { url = "https://files.pythonhosted.org/packages/53/79/b9f46466bdbe9f239c96cde8be33c1aace4842f06013b47b730dc9759187/psycopg2_binary-2.9.12-cp313-cp313-musllinux_1_2_ppc64le.whl", hash = "sha256:00814e40fa23c2b37ef0a1e3c749d89982c73a9cb5046137f0752a22d432e82f", size = 3301307, upload-time = "2026-04-20T23:35:15.029Z" },
    { url = "https://files.pythonhosted.org/packages/3f/19/7dc003b32fe35024df89b658104f7c8538a8b2dcbde7a4e746ce929742e7/psycopg2_binary-2.9.12-cp313-cp313-musllinux_1_2_riscv64.whl", hash = "sha256:98062447aebc20ed20add1f547a364fd0ef8933640d5372ff1873f8deb9b61be", size = 3048968, upload-time = "2026-04-20T23:35:16.757Z" },
    { url = "https://files.pythonhosted.org/packages/91/58/2dbd7db5c604d45f4950d988506aae672a14126ec22998ced5021cbb76bb/psycopg2_binary-2.9.12-cp313-cp313-musllinux_1_2_x86_64.whl", hash = "sha256:66a7685d7e548f10fb4ce32fb01a7b7f4aa702134de92a292c7bd9e0d3dbd290", size = 3351369, upload-time = "2026-04-20T23:35:18.933Z" },
    { url = "https://files.pythonhosted.org/packages/42/ee/dee8dcaad07f735824de3d6563bc67119fa6c28257b17977a8d624f02fab/psycopg2_binary-2.9.12-cp313-cp313-win_amd64.whl", hash = "sha256:b6937f5fe4e180aeee87de907a2fa982ded6f7f15d7218f78a083e4e1d68f2a0", size = 2757347, upload-time = "2026-04-20T23:35:21.283Z" },
    { url = "https://files.pythonhosted.org/packages/13/1b/708c0dca874acfad6d65314271859899a79007686f3a1f74e82a2ed4b645/psycopg2_binary-2.9.12-cp314-cp314-macosx_10_15_x86_64.whl", hash = "sha256:6f3b3de8a74ef8db215f22edffb19e32dc6fa41340456de7ec99efdc8a7b3ec2", size = 3712428, upload-time = "2026-04-20T23:35:23.453Z" },
    { url = "https://files.pythonhosted.org/packages/d6/39/ddbea9d4b4de6aca9431b6ed253f530f8a02d3b8f9bcfd0dbfe2b3de6fe4/psycopg2_binary-2.9.12-cp314-cp314-macosx_11_0_arm64.whl", hash = "sha256:1006fb62f0f0bc5ce256a832356c6262e91be43f5e4eb15b5eaf38079464caf2", size = 3823184, upload-time = "2026-04-20T23:35:25.92Z" },
    { url = "https://files.pythonhosted.org/packages/bf/a0/bc2fef74b106fa345567122a0659e6d94512ed7dc0131ec44c9e5aba3725/psycopg2_binary-2.9.12-cp314-cp314-manylinux2014_ppc64le.manylinux_2_17_ppc64le.whl", hash = "sha256:840066105706cd2eb29b9a1c2329620056582a4bf3e8169dec5c447042d0869f", size = 4579157, upload-time = "2026-04-20T23:35:28.542Z" },
    { url = "https://files.pythonhosted.org/packages/57/d7/d4e3b2005d3de607ca4fbb0e8742e248056e52184a6b94ebda3c1c2c329b/psycopg2_binary-2.9.12-cp314-cp314-manylinux2014_x86_64.manylinux_2_17_x86_64.whl", hash = "sha256:863f5d12241ebe1c76a72a04c2113b6dc905f90b9cef0e9be0efd994affd9354", size = 4274970, upload-time = "2026-04-20T23:35:30.418Z" },
    { url = "https://files.pythonhosted.org/packages/2e/42/c9853f8db3967fe08bcde11f53d53b85d351750cae726ce001cb68afa9c1/psycopg2_binary-2.9.12-cp314-cp314-manylinux_2_27_aarch64.manylinux_2_28_aarch64.whl", hash = "sha256:a99eaab34a9010f1a086b126de467466620a750634d114d20455f3a824aae033", size = 5895175, upload-time = "2026-04-20T23:35:33.584Z" },
    { url = "https://files.pythonhosted.org/packages/eb/fd/b82b5601a97630308bef079f545ffec481bbbc795c2ba5ec416a01d03f60/psycopg2_binary-2.9.12-cp314-cp314-manylinux_2_38_riscv64.manylinux_2_39_riscv64.whl", hash = "sha256:ffdd7dc5463ccd61845ac37b7012d0f35a1548df9febe14f8dd549be4a0bc81e", size = 4110658, upload-time = "2026-04-20T23:35:35.638Z" },
    { url = "https://files.pythonhosted.org/packages/62/8c/32ca69b0389ef25dd22937bf9e8fbe2ce27aea20b05ded48c4ce4cb42475/psycopg2_binary-2.9.12-cp314-cp314-musllinux_1_2_aarch64.whl", hash = "sha256:54a0dfecab1b48731f934e06139dfe11e24219fb6d0ceb32177cf0375f14c7b5", size = 3656251, upload-time = "2026-04-20T23:35:37.854Z" },
    { url = "https://files.pythonhosted.org/packages/c4/29/96992a2b59e3b9d730fcf9612d0a387305025dc867a9fc490a9e496e074e/psycopg2_binary-2.9.12-cp314-cp314-musllinux_1_2_ppc64le.whl", hash = "sha256:96937c9c5d891f772430f418a7a8b4691a90c3e6b93cf72b5bd7cad8cbca32a5", size = 3301810, upload-time = "2026-04-20T23:35:39.927Z" },
    { url = "https://files.pythonhosted.org/packages/56/ad/44b06659949b243ae10112cd3b20a197f9bf3e81d5651379b9eb889bfaad/psycopg2_binary-2.9.12-cp314-cp314-musllinux_1_2_riscv64.whl", hash = "sha256:77b348775efd4cdab410ec6609d81ccecd1139c90265fa583a7255c8064bc03d", size = 3048977, upload-time = "2026-04-20T23:35:41.806Z" },
    { url = "https://files.pythonhosted.org/packages/1d/f2/10a1bcebadb6aa55e280e1f58975c36a7b560ea525184c7aa4064c466633/psycopg2_binary-2.9.12-cp314-cp314-musllinux_1_2_x86_64.whl", hash = "sha256:527e6342b3e44c2f0544f6b8e927d60de7f163f5723b8f1dfa7d2a84298738cd", size = 3351466, upload-time = "2026-04-20T23:35:43.993Z" },
    { url = "https://files.pythonhosted.org/packages/20/be/b732c8418ffa5bcfda002890f5dc4c869fc17db66ff11f53b17cfe44afc0/psycopg2_binary-2.9.12-cp314-cp314-win_amd64.whl", hash = "sha256:f12ae41fcafadb39b2785e64a40f9db05d6de2ac114077457e0e7c597f3af980", size = 2848762, upload-time = "2026-04-20T23:35:46.421Z" },
]

[[package]]
name = "python-dotenv"
version = "1.2.2"
source = { registry = "https://pypi.org/simple" }
sdist = { url = "https://files.pythonhosted.org/packages/82/ed/0301aeeac3e5353ef3d94b6ec08bbcabd04a72018415dcb29e588514bba8/python_dotenv-1.2.2.tar.gz", hash = "sha256:2c371a91fbd7ba082c2c1dc1f8bf89ca22564a087c2c287cd9b662adde799cf3", size = 50135, upload-time = "2026-03-01T16:00:26.196Z" }
wheels = [
    { url = "https://files.pythonhosted.org/packages/0b/d7/1959b9648791274998a9c3526f6d0ec8fd2233e4d4acce81bbae76b44b2a/python_dotenv-1.2.2-py3-none-any.whl", hash = "sha256:1d8214789a24de455a8b8bd8ae6fe3c6b69a5e3d64aa8a8e5d68e694bbcb285a", size = 22101, upload-time = "2026-03-01T16:00:25.09Z" },
]

[[package]]
name = "ruff"
version = "0.15.12"
source = { registry = "https://pypi.org/simple" }
sdist = { url = "https://files.pythonhosted.org/packages/99/43/3291f1cc9106f4c63bdce7a8d0df5047fe8422a75b091c16b5e9355e0b11/ruff-0.15.12.tar.gz", hash = "sha256:ecea26adb26b4232c0c2ca19ccbc0083a68344180bba2a600605538ce51a40a6", size = 4643852, upload-time = "2026-04-24T18:17:14.305Z" }
wheels = [
    { url = "https://files.pythonhosted.org/packages/c3/6e/e78ffb61d4686f3d96ba3df2c801161843746dcbcbb17a1e927d4829312b/ruff-0.15.12-py3-none-linux_armv6l.whl", hash = "sha256:f86f176e188e94d6bdbc09f09bfd9dc729059ad93d0e7390b5a73efe19f8861c", size = 10640713, upload-time = "2026-04-24T18:17:22.841Z" },
    { url = "https://files.pythonhosted.org/packages/ae/08/a317bc231fb9e7b93e4ef3089501e51922ff88d6936ce5cf870c4fe55419/ruff-0.15.12-py3-none-macosx_10_12_x86_64.whl", hash = "sha256:e3bcd123364c3770b8e1b7baaf343cc99a35f197c5c6e8af79015c666c423a6c", size = 11069267, upload-time = "2026-04-24T18:17:30.105Z" },
    { url = "https://files.pythonhosted.org/packages/aa/a4/f828e9718d3dce1f5f11c39c4f65afd32783c8b2aebb2e3d259e492c47bd/ruff-0.15.12-py3-none-macosx_11_0_arm64.whl", hash = "sha256:fe87510d000220aa1ed530d4448a7c696a0cae1213e5ec30e5874287b66557b5", size = 10397182, upload-time = "2026-04-24T18:17:07.177Z" },
    { url = "https://files.pythonhosted.org/packages/71/e0/3310fc6d1b5e1fdea22bf3b1b807c7e187b581021b0d7d4514cccdb5fb71/ruff-0.15.12-py3-none-manylinux_2_17_aarch64.manylinux2014_aarch64.whl", hash = "sha256:84a1630093121375a3e2a95b4a6dc7b59e2b4ee76216e32d81aae550a832d002", size = 10758012, upload-time = "2026-04-24T18:16:55.759Z" },
    { url = "https://files.pythonhosted.org/packages/11/c1/a606911aee04c324ddaa883ae418f3569792fd3c4a10c50e0dd0a2311e1e/ruff-0.15.12-py3-none-manylinux_2_17_armv7l.manylinux2014_armv7l.whl", hash = "sha256:fb129f40f114f089ebe0ca56c0d251cf2061b17651d464bb6478dc01e69f11f5", size = 10447479, upload-time = "2026-04-24T18:16:51.677Z" },
    { url = "https://files.pythonhosted.org/packages/9d/68/4201e8444f0894f21ab4aeeaee68aa4f10b51613514a20d80bd628d57e88/ruff-0.15.12-py3-none-manylinux_2_17_i686.manylinux2014_i686.whl", hash = "sha256:b0c862b172d695db7598426b8af465e7e9ac00a3ea2a3630ee67eb82e366aaa6", size = 11234040, upload-time = "2026-04-24T18:17:16.529Z" },
    { url = "https://files.pythonhosted.org/packages/34/ff/8a6d6cf4ccc23fd67060874e832c18919d1557a0611ebef03fdb01fff11e/ruff-0.15.12-py3-none-manylinux_2_17_ppc64le.manylinux2014_ppc64le.whl", hash = "sha256:2849ea9f3484c3aca43a82f484210370319e7170df4dfe4843395ddf6c57bc33", size = 12087377, upload-time = "2026-04-24T18:17:04.944Z" },
    { url = "https://files.pythonhosted.org/packages/85/f6/c669cf73f5152f623d34e69866a46d5e6185816b19fcd5b6dd8a2d299922/ruff-0.15.12-py3-none-manylinux_2_17_s390x.manylinux2014_s390x.whl", hash = "sha256:9e77c7e51c07fe396826d5969a5b846d9cd4c402535835fb6e21ce8b28fef847", size = 11367784, upload-time = "2026-04-24T18:17:25.409Z" },
    { url = "https://files.pythonhosted.org/packages/e8/39/c61d193b8a1daaa8977f7dea9e8d8ba866e02ea7b65d32f6861693aa4c12/ruff-0.15.12-py3-none-manylinux_2_17_x86_64.manylinux2014_x86_64.whl", hash = "sha256:83b2f4f2f3b1026b5fb449b467d9264bf22067b600f7b6f41fc5958909f449d0", size = 11344088, upload-time = "2026-04-24T18:17:12.258Z" },
    { url = "https://files.pythonhosted.org/packages/c2/8d/49afab3645e31e12c590acb6d3b5b69d7aab5b81926dbaf7461f9441f37a/ruff-0.15.12-py3-none-manylinux_2_31_riscv64.whl", hash = "sha256:9ba3b8f1afd7e2e43d8943e55f249e13f9682fde09711644a6e7290eb4f3e339", size = 11271770, upload-time = "2026-04-24T18:17:02.457Z" },
    { url = "https://files.pythonhosted.org/packages/46/06/33f41fe94403e2b755481cdfb9b7ef3e4e0ed031c4581124658d935d52b4/ruff-0.15.12-py3-none-musllinux_1_2_aarch64.whl", hash = "sha256:e852ba9fdc890655e1d78f2df1499efbe0e54126bd405362154a75e2bde159c5", size = 10719355, upload-time = "2026-04-24T18:17:27.648Z" },
    { url = "https://files.pythonhosted.org/packages/0d/59/18aa4e014debbf559670e4048e39260a85c7fcee84acfd761ac01e7b8d35/ruff-0.15.12-py3-none-musllinux_1_2_armv7l.whl", hash = "sha256:dd8aed930da53780d22fc70bdf84452c843cf64f8cb4eb38984319c24c5cd5fd", size = 10462758, upload-time = "2026-04-24T18:17:32.347Z" },
    { url = "https://files.pythonhosted.org/packages/25/e7/cc9f16fd0f3b5fddcbd7ec3d6ae30c8f3fde1047f32a4093a98d633c6570/ruff-0.15.12-py3-none-musllinux_1_2_i686.whl", hash = "sha256:01da3988d225628b709493d7dc67c3b9b12c0210016b08690ef9bd27970b262b", size = 10953498, upload-time = "2026-04-24T18:17:20.674Z" },
    { url = "https://files.pythonhosted.org/packages/72/7a/a9ba7f98c7a575978698f4230c5e8cc54bbc761af34f560818f933dafa0c/ruff-0.15.12-py3-none-musllinux_1_2_x86_64.whl", hash = "sha256:9cae0f92bd5700d1213188b31cd3bdd2b315361296d10b96b8e2337d3d11f53e", size = 11447765, upload-time = "2026-04-24T18:17:09.755Z" },
    { url = "https://files.pythonhosted.org/packages/ea/f9/0ae446942c846b8266059ad8a30702a35afae55f5cdc54c5adf8d7afdc27/ruff-0.15.12-py3-none-win32.whl", hash = "sha256:d0185894e038d7043ba8fd6aee7499ece6462dc0ea9f1e260c7451807c714c20", size = 10657277, upload-time = "2026-04-24T18:17:18.591Z" },
    { url = "https://files.pythonhosted.org/packages/33/f1/9614e03e1cdcbf9437570b5400ced8a720b5db22b28d8e0f1bda429f660d/ruff-0.15.12-py3-none-win_amd64.whl", hash = "sha256:c87a162d61ab3adca47c03f7f717c68672edec7d1b5499e652331780fe74950d", size = 11837758, upload-time = "2026-04-24T18:17:00.113Z" },
    { url = "https://files.pythonhosted.org/packages/c0/98/6beb4b351e472e5f4c4613f7c35a5290b8be2497e183825310c4c3a3984b/ruff-0.15.12-py3-none-win_arm64.whl", hash = "sha256:a538f7a82d061cee7be55542aca1d86d1393d55d81d4fcc314370f4340930d4f", size = 11120821, upload-time = "2026-04-24T18:16:57.979Z" },
]

[[package]]
name = "simplejson"
version = "3.20.2"
source = { registry = "https://pypi.org/simple" }
sdist = { url = "https://files.pythonhosted.org/packages/41/f4/a1ac5ed32f7ed9a088d62a59d410d4c204b3b3815722e2ccfb491fa8251b/simplejson-3.20.2.tar.gz", hash = "sha256:5fe7a6ce14d1c300d80d08695b7f7e633de6cd72c80644021874d985b3393649", size = 85784, upload-time = "2025-09-26T16:29:36.64Z" }
wheels = [
    { url = "https://files.pythonhosted.org/packages/9d/9e/1a91e7614db0416885eab4136d49b7303de20528860ffdd798ce04d054db/simplejson-3.20.2-cp312-cp312-macosx_10_9_universal2.whl", hash = "sha256:4376d5acae0d1e91e78baeba4ee3cf22fbf6509d81539d01b94e0951d28ec2b6", size = 93523, upload-time = "2025-09-26T16:28:00.356Z" },
    { url = "https://files.pythonhosted.org/packages/5e/2b/d2413f5218fc25608739e3d63fe321dfa85c5f097aa6648dbe72513a5f12/simplejson-3.20.2-cp312-cp312-macosx_10_9_x86_64.whl", hash = "sha256:f8fe6de652fcddae6dec8f281cc1e77e4e8f3575249e1800090aab48f73b4259", size = 75844, upload-time = "2025-09-26T16:28:01.756Z" },
    { url = "https://files.pythonhosted.org/packages/ad/f1/efd09efcc1e26629e120fef59be059ce7841cc6e1f949a4db94f1ae8a918/simplejson-3.20.2-cp312-cp312-macosx_11_0_arm64.whl", hash = "sha256:25ca2663d99328d51e5a138f22018e54c9162438d831e26cfc3458688616eca8", size = 75655, upload-time = "2025-09-26T16:28:03.037Z" },
    { url = "https://files.pythonhosted.org/packages/97/ec/5c6db08e42f380f005d03944be1af1a6bd501cc641175429a1cbe7fb23b9/simplejson-3.20.2-cp312-cp312-manylinux_2_17_aarch64.manylinux2014_aarch64.whl", hash = "sha256:12a6b2816b6cab6c3fd273d43b1948bc9acf708272074c8858f579c394f4cbc9", size = 150335, upload-time = "2025-09-26T16:28:05.027Z" },
    { url = "https://files.pythonhosted.org/packages/81/f5/808a907485876a9242ec67054da7cbebefe0ee1522ef1c0be3bfc90f96f6/simplejson-3.20.2-cp312-cp312-manylinux_2_17_ppc64le.manylinux2014_ppc64le.whl", hash = "sha256:ac20dc3fcdfc7b8415bfc3d7d51beccd8695c3f4acb7f74e3a3b538e76672868", size = 158519, upload-time = "2025-09-26T16:28:06.5Z" },
    { url = "https://files.pythonhosted.org/packages/66/af/b8a158246834645ea890c36136584b0cc1c0e4b83a73b11ebd9c2a12877c/simplejson-3.20.2-cp312-cp312-manylinux_2_5_i686.manylinux1_i686.manylinux_2_17_i686.manylinux2014_i686.whl", hash = "sha256:db0804d04564e70862ef807f3e1ace2cc212ef0e22deb1b3d6f80c45e5882c6b", size = 148571, upload-time = "2025-09-26T16:28:07.715Z" },
    { url = "https://files.pythonhosted.org/packages/20/05/ed9b2571bbf38f1a2425391f18e3ac11cb1e91482c22d644a1640dea9da7/simplejson-3.20.2-cp312-cp312-manylinux_2_5_x86_64.manylinux1_x86_64.manylinux_2_17_x86_64.manylinux2014_x86_64.whl", hash = "sha256:979ce23ea663895ae39106946ef3d78527822d918a136dbc77b9e2b7f006237e", size = 152367, upload-time = "2025-09-26T16:28:08.921Z" },
    { url = "https://files.pythonhosted.org/packages/81/2c/bad68b05dd43e93f77994b920505634d31ed239418eb6a88997d06599983/simplejson-3.20.2-cp312-cp312-musllinux_1_2_aarch64.whl", hash = "sha256:a2ba921b047bb029805726800819675249ef25d2f65fd0edb90639c5b1c3033c", size = 150205, upload-time = "2025-09-26T16:28:10.086Z" },
    { url = "https://files.pythonhosted.org/packages/69/46/90c7fc878061adafcf298ce60cecdee17a027486e9dce507e87396d68255/simplejson-3.20.2-cp312-cp312-musllinux_1_2_i686.whl", hash = "sha256:12d3d4dc33770069b780cc8f5abef909fe4a3f071f18f55f6d896a370fd0f970", size = 151823, upload-time = "2025-09-26T16:28:11.329Z" },
    { url = "https://files.pythonhosted.org/packages/ab/27/b85b03349f825ae0f5d4f780cdde0bbccd4f06c3d8433f6a3882df887481/simplejson-3.20.2-cp312-cp312-musllinux_1_2_ppc64le.whl", hash = "sha256:aff032a59a201b3683a34be1169e71ddda683d9c3b43b261599c12055349251e", size = 158997, upload-time = "2025-09-26T16:28:12.917Z" },
    { url = "https://files.pythonhosted.org/packages/71/ad/d7f3c331fb930638420ac6d236db68e9f4c28dab9c03164c3cd0e7967e15/simplejson-3.20.2-cp312-cp312-musllinux_1_2_x86_64.whl", hash = "sha256:30e590e133b06773f0dc9c3f82e567463df40598b660b5adf53eb1c488202544", size = 154367, upload-time = "2025-09-26T16:28:14.393Z" },
    { url = "https://files.pythonhosted.org/packages/f0/46/5c67324addd40fa2966f6e886cacbbe0407c03a500db94fb8bb40333fcdf/simplejson-3.20.2-cp312-cp312-win32.whl", hash = "sha256:8d7be7c99939cc58e7c5bcf6bb52a842a58e6c65e1e9cdd2a94b697b24cddb54", size = 74285, upload-time = "2025-09-26T16:28:15.931Z" },
    { url = "https://files.pythonhosted.org/packages/fa/c9/5cc2189f4acd3a6e30ffa9775bf09b354302dbebab713ca914d7134d0f29/simplejson-3.20.2-cp312-cp312-win_amd64.whl", hash = "sha256:2c0b4a67e75b945489052af6590e7dca0ed473ead5d0f3aad61fa584afe814ab", size = 75969, upload-time = "2025-09-26T16:28:17.017Z" },
    { url = "https://files.pythonhosted.org/packages/5e/9e/f326d43f6bf47f4e7704a4426c36e044c6bedfd24e072fb8e27589a373a5/simplejson-3.20.2-cp313-cp313-macosx_10_13_universal2.whl", hash = "sha256:90d311ba8fcd733a3677e0be21804827226a57144130ba01c3c6a325e887dd86", size = 93530, upload-time = "2025-09-26T16:28:18.07Z" },
    { url = "https://files.pythonhosted.org/packages/35/28/5a4b8f3483fbfb68f3f460bc002cef3a5735ef30950e7c4adce9c8da15c7/simplejson-3.20.2-cp313-cp313-macosx_10_13_x86_64.whl", hash = "sha256:feed6806f614bdf7f5cb6d0123cb0c1c5f40407ef103aa935cffaa694e2e0c74", size = 75846, upload-time = "2025-09-26T16:28:19.12Z" },
    { url = "https://files.pythonhosted.org/packages/7a/4d/30dfef83b9ac48afae1cf1ab19c2867e27b8d22b5d9f8ca7ce5a0a157d8c/simplejson-3.20.2-cp313-cp313-macosx_11_0_arm64.whl", hash = "sha256:6b1d8d7c3e1a205c49e1aee6ba907dcb8ccea83651e6c3e2cb2062f1e52b0726", size = 75661, upload-time = "2025-09-26T16:28:20.219Z" },
    { url = "https://files.pythonhosted.org/packages/09/1d/171009bd35c7099d72ef6afd4bb13527bab469965c968a17d69a203d62a6/simplejson-3.20.2-cp313-cp313-manylinux_2_17_aarch64.manylinux2014_aarch64.whl", hash = "sha256:552f55745044a24c3cb7ec67e54234be56d5d6d0e054f2e4cf4fb3e297429be5", size = 150579, upload-time = "2025-09-26T16:28:21.337Z" },
    { url = "https://files.pythonhosted.org/packages/61/ae/229bbcf90a702adc6bfa476e9f0a37e21d8c58e1059043038797cbe75b8c/simplejson-3.20.2-cp313-cp313-manylinux_2_17_ppc64le.manylinux2014_ppc64le.whl", hash = "sha256:c2da97ac65165d66b0570c9e545786f0ac7b5de5854d3711a16cacbcaa8c472d", size = 158797, upload-time = "2025-09-26T16:28:22.53Z" },
    { url = "https://files.pythonhosted.org/packages/90/c5/fefc0ac6b86b9108e302e0af1cf57518f46da0baedd60a12170791d56959/simplejson-3.20.2-cp313-cp313-manylinux_2_5_i686.manylinux1_i686.manylinux_2_17_i686.manylinux2014_i686.whl", hash = "sha256:f59a12966daa356bf68927fca5a67bebac0033cd18b96de9c2d426cd11756cd0", size = 148851, upload-time = "2025-09-26T16:28:23.733Z" },
    { url = "https://files.pythonhosted.org/packages/43/f1/b392952200f3393bb06fbc4dd975fc63a6843261705839355560b7264eb2/simplejson-3.20.2-cp313-cp313-manylinux_2_5_x86_64.manylinux1_x86_64.manylinux_2_17_x86_64.manylinux2014_x86_64.whl", hash = "sha256:133ae2098a8e162c71da97cdab1f383afdd91373b7ff5fe65169b04167da976b", size = 152598, upload-time = "2025-09-26T16:28:24.962Z" },
    { url = "https://files.pythonhosted.org/packages/f4/b4/d6b7279e52a3e9c0fa8c032ce6164e593e8d9cf390698ee981ed0864291b/simplejson-3.20.2-cp313-cp313-musllinux_1_2_aarch64.whl", hash = "sha256:7977640af7b7d5e6a852d26622057d428706a550f7f5083e7c4dd010a84d941f", size = 150498, upload-time = "2025-09-26T16:28:26.114Z" },
    { url = "https://files.pythonhosted.org/packages/62/22/ec2490dd859224326d10c2fac1353e8ad5c84121be4837a6dd6638ba4345/simplejson-3.20.2-cp313-cp313-musllinux_1_2_i686.whl", hash = "sha256:b530ad6d55e71fa9e93e1109cf8182f427a6355848a4ffa09f69cc44e1512522", size = 152129, upload-time = "2025-09-26T16:28:27.552Z" },
    { url = "https://files.pythonhosted.org/packages/33/ce/b60214d013e93dd9e5a705dcb2b88b6c72bada442a97f79828332217f3eb/simplejson-3.20.2-cp313-cp313-musllinux_1_2_ppc64le.whl", hash = "sha256:bd96a7d981bf64f0e42345584768da4435c05b24fd3c364663f5fbc8fabf82e3", size = 159359, upload-time = "2025-09-26T16:28:28.667Z" },
    { url = "https://files.pythonhosted.org/packages/99/21/603709455827cdf5b9d83abe726343f542491ca8dc6a2528eb08de0cf034/simplejson-3.20.2-cp313-cp313-musllinux_1_2_x86_64.whl", hash = "sha256:f28ee755fadb426ba2e464d6fcf25d3f152a05eb6b38e0b4f790352f5540c769", size = 154717, upload-time = "2025-09-26T16:28:30.288Z" },
    { url = "https://files.pythonhosted.org/packages/3c/f9/dc7f7a4bac16cf7eb55a4df03ad93190e11826d2a8950052949d3dfc11e2/simplejson-3.20.2-cp313-cp313-win32.whl", hash = "sha256:472785b52e48e3eed9b78b95e26a256f59bb1ee38339be3075dad799e2e1e661", size = 74289, upload-time = "2025-09-26T16:28:31.809Z" },
    { url = "https://files.pythonhosted.org/packages/87/10/d42ad61230436735c68af1120622b28a782877146a83d714da7b6a2a1c4e/simplejson-3.20.2-cp313-cp313-win_amd64.whl", hash = "sha256:a1a85013eb33e4820286139540accbe2c98d2da894b2dcefd280209db508e608", size = 75972, upload-time = "2025-09-26T16:28:32.883Z" },
    { url = "https://files.pythonhosted.org/packages/05/5b/83e1ff87eb60ca706972f7e02e15c0b33396e7bdbd080069a5d1b53cf0d8/simplejson-3.20.2-py3-none-any.whl", hash = "sha256:3b6bb7fb96efd673eac2e4235200bfffdc2353ad12c54117e1e4e2fc485ac017", size = 57309, upload-time = "2025-09-26T16:29:35.312Z" },
]

[[package]]
name = "sqlparse"
version = "0.5.5"
source = { registry = "https://pypi.org/simple" }
sdist = { url = "https://files.pythonhosted.org/packages/90/76/437d71068094df0726366574cf3432a4ed754217b436eb7429415cf2d480/sqlparse-0.5.5.tar.gz", hash = "sha256:e20d4a9b0b8585fdf63b10d30066c7c94c5d7a7ec47c889a2d83a3caa93ff28e", size = 120815, upload-time = "2025-12-19T07:17:45.073Z" }
wheels = [
    { url = "https://files.pythonhosted.org/packages/49/4b/359f28a903c13438ef59ebeee215fb25da53066db67b305c125f1c6d2a25/sqlparse-0.5.5-py3-none-any.whl", hash = "sha256:12a08b3bf3eec877c519589833aed092e2444e68240a3577e8e26148acc7b1ba", size = 46138, upload-time = "2025-12-19T07:17:46.573Z" },
]

[[package]]
name = "tzdata"
version = "2026.2"
source = { registry = "https://pypi.org/simple" }
sdist = { url = "https://files.pythonhosted.org/packages/ba/19/1b9b0e29f30c6d35cb345486df41110984ea67ae69dddbc0e8a100999493/tzdata-2026.2.tar.gz", hash = "sha256:9173fde7d80d9018e02a662e168e5a2d04f87c41ea174b139fbef642eda62d10", size = 198254, upload-time = "2026-04-24T15:22:08.651Z" }
wheels = [
    { url = "https://files.pythonhosted.org/packages/ce/e4/dccd7f47c4b64213ac01ef921a1337ee6e30e8c6466046018326977efd95/tzdata-2026.2-py2.py3-none-any.whl", hash = "sha256:bbe9af844f658da81a5f95019480da3a89415801f6cc966806612cc7169bffe7", size = 349321, upload-time = "2026-04-24T15:22:05.876Z" },
]
